
Microsoft Visual Studio Solution File, Format Version 12.00
# Visual Studio 15
VisualStudioVersion = 15.0.33403.129
MinimumVisualStudioVersion = 10.0.40219.1
Project("{8BC9CEB8-8B4A-11D0-8D11-00A0C91BC942}") = "Enum", "Enum.vcxproj", "{6906A085-5233-41E1-AA9D-794A462CC34D}"
EndProject
Global
	GlobalSection(SolutionConfigurationPlatforms) = preSolution
		Debug|x86 = Debug|x86
		Release|x86 = Release|x86
	EndGlobalSection
	GlobalSection(ProjectConfigurationPlatforms) = postSolution
		{6906A085-5233-41E1-AA9D-794A462CC34D}.Debug|x86.ActiveCfg = Debug|Win32
		{6906A085-5233-41E1-AA9D-794A462CC34D}.Debug|x86.Build.0 = Debug|Win32
		{6906A085-5233-41E1-AA9D-794A462CC34D}.Release|x86.ActiveCfg = Release|Win32
		{6906A085-5233-41E1-AA9D-794A462CC34D}.Release|x86.Build.0 = Release|Win32
	EndGlobalSection
	GlobalSection(SolutionProperties) = preSolution
		HideSolutionNode = FALSE
	EndGlobalSection
	GlobalSection(ExtensibilityGlobals) = postSolution
		SolutionGuid = {E2634C8B-DB1D-4FCF-9F32-9D676687CB91}
	EndGlobalSection
EndGlobal
